
Microsoft Visual Studio Solution File, Format Version 12.00
# Visual Studio 15
VisualStudioVersion = 15.0.28010.2041
MinimumVisualStudioVersion = 10.0.40219.1
Project("{FAE04EC0-301F-11D3-BF4B-00C04F79EFBC}") = "DAL", "DAL\DAL.csproj", "{36693D88-E8B4-4840-9E16-F295098A855D}"
EndProject
Project("{FAE04EC0-301F-11D3-BF4B-00C04F79EFBC}") = "BLL", "BLL\BLL.csproj", "{6554720F-189E-4DAB-9721-F30964702126}"
EndProject
Project("{FAE04EC0-301F-11D3-BF4B-00C04F79EFBC}") = "DTO", "DTO\DTO.csproj", "{3A0225AB-C513-4336-9552-0760AC272EFB}"
EndProject
Project("{FAE04EC0-301F-11D3-BF4B-00C04F79EFBC}") = "WEBSERVICE_", "WEBSERVICE_\WEBSERVICE_.csproj", "{12F17373-9B3D-415E-BEB1-3DE0F29EC2C1}"
EndProject
Global
	GlobalSection(SolutionConfigurationPlatforms) = preSolution
		Debug|Any CPU = Debug|Any CPU
		Release|Any CPU = Release|Any CPU
	EndGlobalSection
	GlobalSection(ProjectConfigurationPlatforms) = postSolution
		{36693D88-E8B4-4840-9E16-F295098A855D}.Debug|Any CPU.ActiveCfg = Debug|Any CPU
		{36693D88-E8B4-4840-9E16-F295098A855D}.Debug|Any CPU.Build.0 = Debug|Any CPU
		{36693D88-E8B4-4840-9E16-F295098A855D}.Release|Any CPU.ActiveCfg = Release|Any CPU
		{36693D88-E8B4-4840-9E16-F295098A855D}.Release|Any CPU.Build.0 = Release|Any CPU
		{6554720F-189E-4DAB-9721-F30964702126}.Debug|Any CPU.ActiveCfg = Debug|Any CPU
		{6554720F-189E-4DAB-9721-F30964702126}.Debug|Any CPU.Build.0 = Debug|Any CPU
		{6554720F-189E-4DAB-9721-F30964702126}.Release|Any CPU.ActiveCfg = Release|Any CPU
		{6554720F-189E-4DAB-9721-F30964702126}.Release|Any CPU.Build.0 = Release|Any CPU
		{3A0225AB-C513-4336-9552-0760AC272EFB}.Debug|Any CPU.ActiveCfg = Debug|Any CPU
		{3A0225AB-C513-4336-9552-0760AC272EFB}.Debug|Any CPU.Build.0 = Debug|Any CPU
		{3A0225AB-C513-4336-9552-0760AC272EFB}.Release|Any CPU.ActiveCfg = Release|Any CPU
		{3A0225AB-C513-4336-9552-0760AC272EFB}.Release|Any CPU.Build.0 = Release|Any CPU
		{12F17373-9B3D-415E-BEB1-3DE0F29EC2C1}.Debug|Any CPU.ActiveCfg = Debug|Any CPU
		{12F17373-9B3D-415E-BEB1-3DE0F29EC2C1}.Debug|Any CPU.Build.0 = Debug|Any CPU
		{12F17373-9B3D-415E-BEB1-3DE0F29EC2C1}.Release|Any CPU.ActiveCfg = Release|Any CPU
		{12F17373-9B3D-415E-BEB1-3DE0F29EC2C1}.Release|Any CPU.Build.0 = Release|Any CPU
	EndGlobalSection
	GlobalSection(SolutionProperties) = preSolution
		HideSolutionNode = FALSE
	EndGlobalSection
	GlobalSection(ExtensibilityGlobals) = postSolution
		SolutionGuid = {18EA9600-2778-4629-91DE-A1DD4C5C13E8}
	EndGlobalSection
EndGlobal
